# This file is automatically @generated by Cargo.
# It is not intended for manual editing.
[[package]]
name = "assert_approx_eq"
version = "1.1.0"
source = "registry+https://github.com/rust-lang/crates.io-index"
checksum = "3c07dab4369547dbe5114677b33fbbf724971019f3818172d59a97a61c774ffd"

[[package]]
name = "autocfg"
version = "1.0.1"
source = "registry+https://github.com/rust-lang/crates.io-index"
checksum = "cdb031dd78e28731d87d56cc8ffef4a8f36ca26c38fe2de700543e627f8a464a"

[[package]]
name = "num"
version = "0.3.0"
source = "registry+https://github.com/rust-lang/crates.io-index"
checksum = "ab3e176191bc4faad357e3122c4747aa098ac880e88b168f106386128736cf4a"
dependencies = [
 "num-bigint",
 "num-complex",
 "num-integer",
 "num-iter",
 "num-rational",
 "num-traits",
]

[[package]]
name = "num-bigint"
version = "0.3.0"
source = "registry+https://github.com/rust-lang/crates.io-index"
checksum = "b7f3fc75e3697059fb1bc465e3d8cca6cf92f56854f201158b3f9c77d5a3cfa0"
dependencies = [
 "autocfg",
 "num-integer",
 "num-traits",
]

[[package]]
name = "num-complex"
version = "0.3.1"
source = "registry+https://github.com/rust-lang/crates.io-index"
checksum = "747d632c0c558b87dbabbe6a82f3b4ae03720d0646ac5b7b4dae89394be5f2c5"
dependencies = [
 "num-traits",
]

[[package]]
name = "num-integer"
version = "0.1.44"
source = "registry+https://github.com/rust-lang/crates.io-index"
checksum = "d2cc698a63b549a70bc047073d2949cce27cd1c7b0a4a862d08a8031bc2801db"
dependencies = [
 "autocfg",
 "num-traits",
]

[[package]]
name = "num-iter"
version = "0.1.42"
source = "registry+https://github.com/rust-lang/crates.io-index"
checksum = "b2021c8337a54d21aca0d59a92577a029af9431cb59b909b03252b9c164fad59"
dependencies = [
 "autocfg",
 "num-integer",
 "num-traits",
]

[[package]]
name = "num-rational"
version = "0.3.1"
source = "registry+https://github.com/rust-lang/crates.io-index"
checksum = "e5fa6d5f418879385b213d905f7cf5bf4aa553d4c380f0152d1d4f2749186fa9"
dependencies = [
 "autocfg",
 "num-bigint",
 "num-integer",
 "num-traits",
]

[[package]]
name = "num-traits"
version = "0.2.14"
source = "registry+https://github.com/rust-lang/crates.io-index"
checksum = "9a64b1ec5cda2586e284722486d802acf1f7dbdc623e2bfc57e65ca1cd099290"
dependencies = [
 "autocfg",
]

[[package]]
name = "rustlativity"
version = "0.1.0"
dependencies = [
 "assert_approx_eq",
 "num",
]
